// !$*UTF8*$!
{
	archiveVersion = 1;
	classes = {
	};
	objectVersion = 46;
	objects = {

/* Begin PBXBuildFile section */
		3325632A1AFDB560005B5A9B /* AppDelegate.swift in Sources */ = {isa = PBXBuildFile; fileRef = 332563291AFDB560005B5A9B /* AppDelegate.swift */; };
		3325632D1AFDB560005B5A9B /* PitchPerfect.xcdatamodeld in Sources */ = {isa = PBXBuildFile; fileRef = 3325632B1AFDB560005B5A9B /* PitchPerfect.xcdatamodeld */; };
		3325632F1AFDB560005B5A9B /* RecordSoundsViewController.swift in Sources */ = {isa = PBXBuildFile; fileRef = 3325632E1AFDB560005B5A9B /* RecordSoundsViewController.swift */; };
		332563321AFDB560005B5A9B /* Main.storyboard in Resources */ = {isa = PBXBuildFile; fileRef = 332563301AFDB560005B5A9B /* Main.storyboard */; };
		332563341AFDB560005B5A9B /* Images.xcassets in Resources */ = {isa = PBXBuildFile; fileRef = 332563331AFDB560005B5A9B /* Images.xcassets */; };
		332563371AFDB560005B5A9B /* LaunchScreen.xib in Resources */ = {isa = PBXBuildFile; fileRef = 332563351AFDB560005B5A9B /* LaunchScreen.xib */; };
		332563431AFDB560005B5A9B /* PitchPerfectTests.swift in Sources */ = {isa = PBXBuildFile; fileRef = 332563421AFDB560005B5A9B /* PitchPerfectTests.swift */; };
		332563511B02DEB1005B5A9B /* PlaySoundViewController.swift in Sources */ = {isa = PBXBuildFile; fileRef = 332563501B02DEB1005B5A9B /* PlaySoundViewController.swift */; };
		336C56351B082AF700244CE7 /* Util.swift in Sources */ = {isa = PBXBuildFile; fileRef = 336C56341B082AF700244CE7 /* Util.swift */; };
		33943BA71B062B90002DF1C0 /* RecordedAudio.swift in Sources */ = {isa = PBXBuildFile; fileRef = 33943BA61B062B90002DF1C0 /* RecordedAudio.swift */; };
/* End PBXBuildFile section */

/* Begin PBXContainerItemProxy section */
		3325633D1AFDB560005B5A9B /* PBXContainerItemProxy */ = {
			isa = PBXContainerItemProxy;
			containerPortal = 3325631C1AFDB560005B5A9B /* Project object */;
			proxyType = 1;
			remoteGlobalIDString = 332563231AFDB560005B5A9B;
			remoteInfo = PitchPerfect;
		};
/* End PBXContainerItemProxy section */

/* Begin PBXFileReference section */
		332563241AFDB560005B5A9B /* PitchPerfect.app */ = {isa = PBXFileReference; explicitFileType = wrapper.application; includeInIndex = 0; path = PitchPerfect.app; sourceTree = BUILT_PRODUCTS_DIR; };
		332563281AFDB560005B5A9B /* Info.plist */ = {isa = PBXFileReference; lastKnownFileType = text.plist.xml; path = Info.plist; sourceTree = "<group>"; };
		332563291AFDB560005B5A9B /* AppDelegate.swift */ = {isa = PBXFileReference; lastKnownFileType = sourcecode.swift; path = AppDelegate.swift; sourceTree = "<group>"; };
		3325632C1AFDB560005B5A9B /* PitchPerfect.xcdatamodel */ = {isa = PBXFileReference; lastKnownFileType = wrapper.xcdatamodel; path = PitchPerfect.xcdatamodel; sourceTree = "<group>"; };
		3325632E1AFDB560005B5A9B /* RecordSoundsViewController.swift */ = {isa = PBXFileReference; lastKnownFileType = sourcecode.swift; path = RecordSoundsViewController.swift; sourceTree = "<group>"; };
		332563311AFDB560005B5A9B /* Base */ = {isa = PBXFileReference; lastKnownFileType = file.storyboard; name = Base; path = Base.lproj/Main.storyboard; sourceTree = "<group>"; };
		332563331AFDB560005B5A9B /* Images.xcassets */ = {isa = PBXFileReference; lastKnownFileType = folder.assetcatalog; path = Images.xcassets; sourceTree = "<group>"; };
		332563361AFDB560005B5A9B /* Base */ = {isa = PBXFileReference; lastKnownFileType = file.xib; name = Base; path = Base.lproj/LaunchScreen.xib; sourceTree = "<group>"; };
		3325633C1AFDB560005B5A9B /* PitchPerfectTests.xctest */ = {isa = PBXFileReference; explicitFileType = wrapper.cfbundle; includeInIndex = 0; path = PitchPerfectTests.xctest; sourceTree = BUILT_PRODUCTS_DIR; };
		332563411AFDB560005B5A9B /* Info.plist */ = {isa = PBXFileReference; lastKnownFileType = text.plist.xml; path = Info.plist; sourceTree = "<group>"; };
		332563421AFDB560005B5A9B /* PitchPerfectTests.swift */ = {isa = PBXFileReference; lastKnownFileType = sourcecode.swift; path = PitchPerfectTests.swift; sourceTree = "<group>"; };
		332563501B02DEB1005B5A9B /* PlaySoundViewController.swift */ = {isa = PBXFileReference; fileEncoding = 4; lastKnownFileType = sourcecode.swift; path = PlaySoundViewController.swift; sourceTree = "<group>"; };
		336C56341B082AF700244CE7 /* Util.swift */ = {isa = PBXFileReference; fileEncoding = 4; lastKnownFileType = sourcecode.swift; path = Util.swift; sourceTree = "<group>"; };
		33943BA61B062B90002DF1C0 /* RecordedAudio.swift */ = {isa = PBXFileReference; fileEncoding = 4; lastKnownFileType = sourcecode.swift; path = RecordedAudio.swift; sourceTree = "<group>"; };
/* End PBXFileReference section */

/* Begin PBXFrameworksBuildPhase section */
		332563211AFDB560005B5A9B /* Frameworks */ = {
			isa = PBXFrameworksBuildPhase;
			buildActionMask = 2147483647;
			files = (
			);
			runOnlyForDeploymentPostprocessing = 0;
		};
		332563391AFDB560005B5A9B /* Frameworks */ = {
			isa = PBXFrameworksBuildPhase;
			buildActionMask = 2147483647;
			files = (
			);
			runOnlyForDeploymentPostprocessing = 0;
		};
/* End PBXFrameworksBuildPhase section */

/* Begin PBXGroup section */
		3325631B1AFDB560005B5A9B = {
			isa = PBXGroup;
			children = (
				332563261AFDB560005B5A9B /* PitchPerfect */,
				3325633F1AFDB560005B5A9B /* PitchPerfectTests */,
				332563251AFDB560005B5A9B /* Products */,
			);
			sourceTree = "<group>";
		};
		332563251AFDB560005B5A9B /* Products */ = {
			isa = PBXGroup;
			children = (
				332563241AFDB560005B5A9B /* PitchPerfect.app */,
				3325633C1AFDB560005B5A9B /* PitchPerfectTests.xctest */,
			);
			name = Products;
			sourceTree = "<group>";
		};
		332563261AFDB560005B5A9B /* PitchPerfect */ = {
			isa = PBXGroup;
			children = (
				332563501B02DEB1005B5A9B /* PlaySoundViewController.swift */,
				332563291AFDB560005B5A9B /* AppDelegate.swift */,
				3325632E1AFDB560005B5A9B /* RecordSoundsViewController.swift */,
				332563301AFDB560005B5A9B /* Main.storyboard */,
				33943BA61B062B90002DF1C0 /* RecordedAudio.swift */,
				332563331AFDB560005B5A9B /* Images.xcassets */,
				332563351AFDB560005B5A9B /* LaunchScreen.xib */,
				336C56341B082AF700244CE7 /* Util.swift */,
				3325632B1AFDB560005B5A9B /* PitchPerfect.xcdatamodeld */,
				332563271AFDB560005B5A9B /* Supporting Files */,
			);
			path = PitchPerfect;
			sourceTree = "<group>";
		};
		332563271AFDB560005B5A9B /* Supporting Files */ = {
			isa = PBXGroup;
			children = (
				332563281AFDB560005B5A9B /* Info.plist */,
			);
			name = "Supporting Files";
			sourceTree = "<group>";
		};
		3325633F1AFDB560005B5A9B /* PitchPerfectTests */ = {
			isa = PBXGroup;
			children = (
				332563421AFDB560005B5A9B /* PitchPerfectTests.swift */,
				332563401AFDB560005B5A9B /* Supporting Files */,
			);
			path = PitchPerfectTests;
			sourceTree = "<group>";
		};
		332563401AFDB560005B5A9B /* Supporting Files */ = {
			isa = PBXGroup;
			children = (
				332563411AFDB560005B5A9B /* Info.plist */,
			);
			name = "Supporting Files";
			sourceTree = "<group>";
		};
/* End PBXGroup section */

/* Begin PBXNativeTarget section */
		332563231AFDB560005B5A9B /* PitchPerfect */ = {
			isa = PBXNativeTarget;
			buildConfigurationList = 332563461AFDB560005B5A9B /* Build configuration list for PBXNativeTarget "PitchPerfect" */;
			buildPhases = (
				332563201AFDB560005B5A9B /* Sources */,
				332563211AFDB560005B5A9B /* Frameworks */,
				332563221AFDB560005B5A9B /* Resources */,
			);
			buildRules = (
			);
			dependencies = (
			);
			name = PitchPerfect;
			productName = PitchPerfect;
			productReference = 332563241AFDB560005B5A9B /* PitchPerfect.app */;
			productType = "com.apple.product-type.application";
		};
		3325633B1AFDB560005B5A9B /* PitchPerfectTests */ = {
			isa = PBXNativeTarget;
			buildConfigurationList = 332563491AFDB560005B5A9B /* Build configuration list for PBXNativeTarget "PitchPerfectTests" */;
			buildPhases = (
				332563381AFDB560005B5A9B /* Sources */,
				332563391AFDB560005B5A9B /* Frameworks */,
				3325633A1AFDB560005B5A9B /* Resources */,
			);
			buildRules = (
			);
			dependencies = (
				3325633E1AFDB560005B5A9B /* PBXTargetDependency */,
			);
			name = PitchPerfectTests;
			productName = PitchPerfectTests;
			productReference = 3325633C1AFDB560005B5A9B /* PitchPerfectTests.xctest */;
			productType = "com.apple.product-type.bundle.unit-test";
		};
/* End PBXNativeTarget section */

/* Begin PBXProject section */
		3325631C1AFDB560005B5A9B /* Project object */ = {
			isa = PBXProject;
			attributes = {
				LastUpgradeCheck = 0630;
				ORGANIZATIONNAME = "Klaus Villaca";
				TargetAttributes = {
					332563231AFDB560005B5A9B = {
						CreatedOnToolsVersion = 6.3.1;
						DevelopmentTeam = AS572Y94UA;
					};
					3325633B1AFDB560005B5A9B = {
						CreatedOnToolsVersion = 6.3.1;
						TestTargetID = 332563231AFDB560005B5A9B;
					};
				};
			};
			buildConfigurationList = 3325631F1AFDB560005B5A9B /* Build configuration list for PBXProject "PitchPerfect" */;
			compatibilityVersion = "Xcode 3.2";
			developmentRegion = English;
			hasScannedForEncodings = 0;
			knownRegions = (
				en,
				Base,
			);
			mainGroup = 3325631B1AFDB560005B5A9B;
			productRefGroup = 332563251AFDB560005B5A9B /* Products */;
			projectDirPath = "";
			projectRoot = "";
			targets = (
				332563231AFDB560005B5A9B /* PitchPerfect */,
				3325633B1AFDB560005B5A9B /* PitchPerfectTests */,
			);
		};
/* End PBXProject section */

/* Begin PBXResourcesBuildPhase section */
		332563221AFDB560005B5A9B /* Resources */ = {
			isa = PBXResourcesBuildPhase;
			buildActionMask = 2147483647;
			files = (
				332563321AFDB560005B5A9B /* Main.storyboard in Resources */,
				332563371AFDB560005B5A9B /* LaunchScreen.xib in Resources */,
				332563341AFDB560005B5A9B /* Images.xcassets in Resources */,
			);
			runOnlyForDeploymentPostprocessing = 0;
		};
		3325633A1AFDB560005B5A9B /* Resources */ = {
			isa = PBXResourcesBuildPhase;
			buildActionMask = 2147483647;
			files = (
			);
			runOnlyForDeploymentPostprocessing = 0;
		};
/* End PBXResourcesBuildPhase section */

/* Begin PBXSourcesBuildPhase section */
		332563201AFDB560005B5A9B /* Sources */ = {
			isa = PBXSourcesBuildPhase;
			buildActionMask = 2147483647;
			files = (
				3325632F1AFDB560005B5A9B /* RecordSoundsViewController.swift in Sources */,
				336C56351B082AF700244CE7 /* Util.swift in Sources */,
				3325632D1AFDB560005B5A9B /* PitchPerfect.xcdatamodeld in Sources */,
				332563511B02DEB1005B5A9B /* PlaySoundViewController.swift in Sources */,
				3325632A1AFDB560005B5A9B /* AppDelegate.swift in Sources */,
				33943BA71B062B90002DF1C0 /* RecordedAudio.swift in Sources */,
			);
			runOnlyForDeploymentPostprocessing = 0;
		};
		332563381AFDB560005B5A9B /* Sources */ = {
			isa = PBXSourcesBuildPhase;
			buildActionMask = 2147483647;
			files = (
				332563431AFDB560005B5A9B /* PitchPerfectTests.swift in Sources */,
			);
			runOnlyForDeploymentPostprocessing = 0;
		};
/* End PBXSourcesBuildPhase section */

/* Begin PBXTargetDependency section */
		3325633E1AFDB560005B5A9B /* PBXTargetDependency */ = {
			isa = PBXTargetDependency;
			target = 332563231AFDB560005B5A9B /* PitchPerfect */;
			targetProxy = 3325633D1AFDB560005B5A9B /* PBXContainerItemProxy */;
		};
/* End PBXTargetDependency section */

/* Begin PBXVariantGroup section */
		332563301AFDB560005B5A9B /* Main.storyboard */ = {
			isa = PBXVariantGroup;
			children = (
				332563311AFDB560005B5A9B /* Base */,
			);
			name = Main.storyboard;
			sourceTree = "<group>";
		};
		332563351AFDB560005B5A9B /* LaunchScreen.xib */ = {
			isa = PBXVariantGroup;
			children = (
				332563361AFDB560005B5A9B /* Base */,
			);
			name = LaunchScreen.xib;
			sourceTree = "<group>";
		};
/* End PBXVariantGroup section */

/* Begin XCBuildConfiguration section */
		332563441AFDB560005B5A9B /* Debug */ = {
			isa = XCBuildConfiguration;
			buildSettings = {
				ALWAYS_SEARCH_USER_PATHS = NO;
				CLANG_CXX_LANGUAGE_STANDARD = "gnu++0x";
				CLANG_CXX_LIBRARY = "libc++";
				CLANG_ENABLE_MODULES = YES;
				CLANG_ENABLE_OBJC_ARC = YES;
				CLANG_WARN_BOOL_CONVERSION = YES;
				CLANG_WARN_CONSTANT_CONVERSION = YES;
				CLANG_WARN_DIRECT_OBJC_ISA_USAGE = YES_ERROR;
				CLANG_WARN_EMPTY_BODY = YES;
				CLANG_WARN_ENUM_CONVERSION = YES;
				CLANG_WARN_INT_CONVERSION = YES;
				CLANG_WARN_OBJC_ROOT_CLASS = YES_ERROR;
				CLANG_WARN_UNREACHABLE_CODE = YES;
				CLANG_WARN__DUPLICATE_METHOD_MATCH = YES;
				"CODE_SIGN_IDENTITY[sdk=iphoneos*]" = "iPhone Developer";
				COPY_PHASE_STRIP = NO;
				DEBUG_INFORMATION_FORMAT = "dwarf-with-dsym";
				ENABLE_STRICT_OBJC_MSGSEND = YES;
				GCC_C_LANGUAGE_STANDARD = gnu99;
				GCC_DYNAMIC_NO_PIC = NO;
				GCC_NO_COMMON_BLOCKS = YES;
				GCC_OPTIMIZATION_LEVEL = 0;
				GCC_PREPROCESSOR_DEFINITIONS = (
					"DEBUG=1",
					"$(inherited)",
				);
				GCC_SYMBOLS_PRIVATE_EXTERN = NO;
				GCC_WARN_64_TO_32_BIT_CONVERSION = YES;
				GCC_WARN_ABOUT_RETURN_TYPE = YES_ERROR;
				GCC_WARN_UNDECLARED_SELECTOR = YES;
				GCC_WARN_UNINITIALIZED_AUTOS = YES_AGGRESSIVE;
				GCC_WARN_UNUSED_FUNCTION = YES;
				GCC_WARN_UNUSED_VARIABLE = YES;
				IPHONEOS_DEPLOYMENT_TARGET = 8.3;
				MTL_ENABLE_DEBUG_INFO = YES;
				ONLY_ACTIVE_ARCH = YES;
				SDKROOT = iphoneos;
				SWIFT_OPTIMIZATION_LEVEL = "-Onone";
				TARGETED_DEVICE_FAMILY = "1,2";
			};
			name = Debug;
		};
		332563451AFDB560005B5A9B /* Release */ = {
			isa = XCBuildConfiguration;
			buildSettings = {
				ALWAYS_SEARCH_USER_PATHS = NO;
				CLANG_CXX_LANGUAGE_STANDARD = "gnu++0x";
				CLANG_CXX_LIBRARY = "libc++";
				CLANG_ENABLE_MODULES = YES;
				CLANG_ENABLE_OBJC_ARC = YES;
				CLANG_WARN_BOOL_CONVERSION = YES;
				CLANG_WARN_CONSTANT_CONVERSION = YES;
				CLANG_WARN_DIRECT_OBJC_ISA_USAGE = YES_ERROR;
				CLANG_WARN_EMPTY_BODY = YES;
				CLANG_WARN_ENUM_CONVERSION = YES;
				CLANG_WARN_INT_CONVERSION = YES;
				CLANG_WARN_OBJC_ROOT_CLASS = YES_ERROR;
				CLANG_WARN_UNREACHABLE_CODE = YES;
				CLANG_WARN__DUPLICATE_METHOD_MATCH = YES;
				"CODE_SIGN_IDENTITY[sdk=iphoneos*]" = "iPhone Developer";
				COPY_PHASE_STRIP = NO;
				DEBUG_INFORMATION_FORMAT = "dwarf-with-dsym";
				ENABLE_NS_ASSERTIONS = NO;
				ENABLE_STRICT_OBJC_MSGSEND = YES;
				GCC_C_LANGUAGE_STANDARD = gnu99;
				GCC_NO_COMMON_BLOCKS = YES;
				GCC_WARN_64_TO_32_BIT_CONVERSION = YES;
				GCC_WARN_ABOUT_RETURN_TYPE = YES_ERROR;
				GCC_WARN_UNDECLARED_SELECTOR = YES;
				GCC_WARN_UNINITIALIZED_AUTOS = YES_AGGRESSIVE;
				GCC_WARN_UNUSED_FUNCTION = YES;
				GCC_WARN_UNUSED_VARIABLE = YES;
				IPHONEOS_DEPLOYMENT_TARGET = 8.3;
				MTL_ENABLE_DEBUG_INFO = NO;
				SDKROOT = iphoneos;
				TARGETED_DEVICE_FAMILY = "1,2";
				VALIDATE_PRODUCT = YES;
			};
			name = Release;
		};
		332563471AFDB560005B5A9B /* Debug */ = {
			isa = XCBuildConfiguration;
			buildSettings = {
				ASSETCATALOG_COMPILER_APPICON_NAME = AppIcon;
				CODE_SIGN_IDENTITY = "iPhone Developer";
				INFOPLIST_FILE = PitchPerfect/Info.plist;
				LD_RUNPATH_SEARCH_PATHS = "$(inherited) @executable_path/Frameworks";
				PRODUCT_NAME = "$(TARGET_NAME)";
				TARGETED_DEVICE_FAMILY = 1;
			};
			name = Debug;
		};
		332563481AFDB560005B5A9B /* Release */ = {
			isa = XCBuildConfiguration;
			buildSettings = {
				ASSETCATALOG_COMPILER_APPICON_NAME = AppIcon;
				CODE_SIGN_IDENTITY = "iPhone Developer";
				INFOPLIST_FILE = PitchPerfect/Info.plist;
				LD_RUNPATH_SEARCH_PATHS = "$(inherited) @executable_path/Frameworks";
				PRODUCT_NAME = "$(TARGET_NAME)";
				TARGETED_DEVICE_FAMILY = 1;
			};
			name = Release;
		};
		3325634A1AFDB560005B5A9B /* Debug */ = {
			isa = XCBuildConfiguration;
			buildSettings = {
				BUNDLE_LOADER = "$(TEST_HOST)";
				FRAMEWORK_SEARCH_PATHS = (
					"$(SDKROOT)/Developer/Library/Frameworks",
					"$(inherited)",
				);
				GCC_PREPROCESSOR_DEFINITIONS = (
					"DEBUG=1",
					"$(inherited)",
				);
				INFOPLIST_FILE = PitchPerfectTests/Info.plist;
				LD_RUNPATH_SEARCH_PATHS = "$(inherited) @executable_path/Frameworks @loader_path/Frameworks";
				PRODUCT_NAME = "$(TARGET_NAME)";
				TEST_HOST = "$(BUILT_PRODUCTS_DIR)/PitchPerfect.app/PitchPerfect";
			};
			name = Debug;
		};
		3325634B1AFDB560005B5A9B /* Release */ = {
			isa = XCBuildConfiguration;
			buildSettings = {
				BUNDLE_LOADER = "$(TEST_HOST)";
				FRAMEWORK_SEARCH_PATHS = (
					"$(SDKROOT)/Developer/Library/Frameworks",
					"$(inherited)",
				);
				INFOPLIST_FILE = PitchPerfectTests/Info.plist;
				LD_RUNPATH_SEARCH_PATHS = "$(inherited) @executable_path/Frameworks @loader_path/Frameworks";
				PRODUCT_NAME = "$(TARGET_NAME)";
				TEST_HOST = "$(BUILT_PRODUCTS_DIR)/PitchPerfect.app/PitchPerfect";
			};
			name = Release;
		};
/* End XCBuildConfiguration section */

/* Begin XCConfigurationList section */
		3325631F1AFDB560005B5A9B /* Build configuration list for PBXProject "PitchPerfect" */ = {
			isa = XCConfigurationList;
			buildConfigurations = (
				332563441AFDB560005B5A9B /* Debug */,
				332563451AFDB560005B5A9B /* Release */,
			);
			defaultConfigurationIsVisible = 0;
			defaultConfigurationName = Release;
		};
		332563461AFDB560005B5A9B /* Build configuration list for PBXNativeTarget "PitchPerfect" */ = {
			isa = XCConfigurationList;
			buildConfigurations = (
				332563471AFDB560005B5A9B /* Debug */,
				332563481AFDB560005B5A9B /* Release */,
			);
			defaultConfigurationIsVisible = 0;
			defaultConfigurationName = Release;
		};
		332563491AFDB560005B5A9B /* Build configuration list for PBXNativeTarget "PitchPerfectTests" */ = {
			isa = XCConfigurationList;
			buildConfigurations = (
				3325634A1AFDB560005B5A9B /* Debug */,
				3325634B1AFDB560005B5A9B /* Release */,
			);
			defaultConfigurationIsVisible = 0;
			defaultConfigurationName = Release;
		};
/* End XCConfigurationList section */

/* Begin XCVersionGroup section */
		3325632B1AFDB560005B5A9B /* PitchPerfect.xcdatamodeld */ = {
			isa = XCVersionGroup;
			children = (
				3325632C1AFDB560005B5A9B /* PitchPerfect.xcdatamodel */,
			);
			currentVersion = 3325632C1AFDB560005B5A9B /* PitchPerfect.xcdatamodel */;
			path = PitchPerfect.xcdatamodeld;
			sourceTree = "<group>";
			versionGroupType = wrapper.xcdatamodel;
		};
/* End XCVersionGroup section */
	};
	rootObject = 3325631C1AFDB560005B5A9B /* Project object */;
}
